// !$*UTF8*$!
{
	archiveVersion = 1;
	classes = {
	};
	objectVersion = 50;
	objects = {

/* Begin PBXBuildFile section */
		D8D0866E25FB42880001FD7B /* AppDelegate.swift in Sources */ = {isa = PBXBuildFile; fileRef = D8D0866D25FB42880001FD7B /* AppDelegate.swift */; };
		D8D0867025FB42880001FD7B /* SceneDelegate.swift in Sources */ = {isa = PBXBuildFile; fileRef = D8D0866F25FB42880001FD7B /* SceneDelegate.swift */; };
		D8D0867225FB42880001FD7B /* ContentView.swift in Sources */ = {isa = PBXBuildFile; fileRef = D8D0867125FB42880001FD7B /* ContentView.swift */; };
		D8D0867425FB42880001FD7B /* Assets.xcassets in Resources */ = {isa = PBXBuildFile; fileRef = D8D0867325FB42880001FD7B /* Assets.xcassets */; };
		D8D0867725FB42880001FD7B /* Preview Assets.xcassets in Resources */ = {isa = PBXBuildFile; fileRef = D8D0867625FB42880001FD7B /* Preview Assets.xcassets */; };
		D8D0867A25FB42880001FD7B /* LaunchScreen.storyboard in Resources */ = {isa = PBXBuildFile; fileRef = D8D0867825FB42880001FD7B /* LaunchScreen.storyboard */; };
		D8D0868525FB42880001FD7B /* TotalTests.swift in Sources */ = {isa = PBXBuildFile; fileRef = D8D0868425FB42880001FD7B /* TotalTests.swift */; };
		D8D0869025FB42880001FD7B /* TotalUITests.swift in Sources */ = {isa = PBXBuildFile; fileRef = D8D0868F25FB42880001FD7B /* TotalUITests.swift */; };
/* End PBXBuildFile section */

/* Begin PBXContainerItemProxy section */
		D8D0868125FB42880001FD7B /* PBXContainerItemProxy */ = {
			isa = PBXContainerItemProxy;
			containerPortal = D8D0866225FB42880001FD7B /* Project object */;
			proxyType = 1;
			remoteGlobalIDString = D8D0866925FB42880001FD7B;
			remoteInfo = Total;
		};
		D8D0868C25FB42880001FD7B /* PBXContainerItemProxy */ = {
			isa = PBXContainerItemProxy;
			containerPortal = D8D0866225FB42880001FD7B /* Project object */;
			proxyType = 1;
			remoteGlobalIDString = D8D0866925FB42880001FD7B;
			remoteInfo = Total;
		};
/* End PBXContainerItemProxy section */

/* Begin PBXFileReference section */
		D8D0866A25FB42880001FD7B /* Total.app */ = {isa = PBXFileReference; explicitFileType = wrapper.application; includeInIndex = 0; path = Total.app; sourceTree = BUILT_PRODUCTS_DIR; };
		D8D0866D25FB42880001FD7B /* AppDelegate.swift */ = {isa = PBXFileReference; lastKnownFileType = sourcecode.swift; path = AppDelegate.swift; sourceTree = "<group>"; };
		D8D0866F25FB42880001FD7B /* SceneDelegate.swift */ = {isa = PBXFileReference; lastKnownFileType = sourcecode.swift; path = SceneDelegate.swift; sourceTree = "<group>"; };
		D8D0867125FB42880001FD7B /* ContentView.swift */ = {isa = PBXFileReference; lastKnownFileType = sourcecode.swift; path = ContentView.swift; sourceTree = "<group>"; };
		D8D0867325FB42880001FD7B /* Assets.xcassets */ = {isa = PBXFileReference; lastKnownFileType = folder.assetcatalog; path = Assets.xcassets; sourceTree = "<group>"; };
		D8D0867625FB42880001FD7B /* Preview Assets.xcassets */ = {isa = PBXFileReference; lastKnownFileType = folder.assetcatalog; path = "Preview Assets.xcassets"; sourceTree = "<group>"; };
		D8D0867925FB42880001FD7B /* Base */ = {isa = PBXFileReference; lastKnownFileType = file.storyboard; name = Base; path = Base.lproj/LaunchScreen.storyboard; sourceTree = "<group>"; };
		D8D0867B25FB42880001FD7B /* Info.plist */ = {isa = PBXFileReference; lastKnownFileType = text.plist.xml; path = Info.plist; sourceTree = "<group>"; };
		D8D0868025FB42880001FD7B /* TotalTests.xctest */ = {isa = PBXFileReference; explicitFileType = wrapper.cfbundle; includeInIndex = 0; path = TotalTests.xctest; sourceTree = BUILT_PRODUCTS_DIR; };
		D8D0868425FB42880001FD7B /* TotalTests.swift */ = {isa = PBXFileReference; lastKnownFileType = sourcecode.swift; path = TotalTests.swift; sourceTree = "<group>"; };
		D8D0868625FB42880001FD7B /* Info.plist */ = {isa = PBXFileReference; lastKnownFileType = text.plist.xml; path = Info.plist; sourceTree = "<group>"; };
		D8D0868B25FB42880001FD7B /* TotalUITests.xctest */ = {isa = PBXFileReference; explicitFileType = wrapper.cfbundle; includeInIndex = 0; path = TotalUITests.xctest; sourceTree = BUILT_PRODUCTS_DIR; };
		D8D0868F25FB42880001FD7B /* TotalUITests.swift */ = {isa = PBXFileReference; lastKnownFileType = sourcecode.swift; path = TotalUITests.swift; sourceTree = "<group>"; };
		D8D0869125FB42880001FD7B /* Info.plist */ = {isa = PBXFileReference; lastKnownFileType = text.plist.xml; path = Info.plist; sourceTree = "<group>"; };
/* End PBXFileReference section */

/* Begin PBXFrameworksBuildPhase section */
		D8D0866725FB42880001FD7B /* Frameworks */ = {
			isa = PBXFrameworksBuildPhase;
			buildActionMask = 2147483647;
			files = (
			);
			runOnlyForDeploymentPostprocessing = 0;
		};
		D8D0867D25FB42880001FD7B /* Frameworks */ = {
			isa = PBXFrameworksBuildPhase;
			buildActionMask = 2147483647;
			files = (
			);
			runOnlyForDeploymentPostprocessing = 0;
		};
		D8D0868825FB42880001FD7B /* Frameworks */ = {
			isa = PBXFrameworksBuildPhase;
			buildActionMask = 2147483647;
			files = (
			);
			runOnlyForDeploymentPostprocessing = 0;
		};
/* End PBXFrameworksBuildPhase section */

/* Begin PBXGroup section */
		D8D0866125FB42880001FD7B = {
			isa = PBXGroup;
			children = (
				D8D0866C25FB42880001FD7B /* Total */,
				D8D0868325FB42880001FD7B /* TotalTests */,
				D8D0868E25FB42880001FD7B /* TotalUITests */,
				D8D0866B25FB42880001FD7B /* Products */,
			);
			sourceTree = "<group>";
		};
		D8D0866B25FB42880001FD7B /* Products */ = {
			isa = PBXGroup;
			children = (
				D8D0866A25FB42880001FD7B /* Total.app */,
				D8D0868025FB42880001FD7B /* TotalTests.xctest */,
				D8D0868B25FB42880001FD7B /* TotalUITests.xctest */,
			);
			name = Products;
			sourceTree = "<group>";
		};
		D8D0866C25FB42880001FD7B /* Total */ = {
			isa = PBXGroup;
			children = (
				D8D0866D25FB42880001FD7B /* AppDelegate.swift */,
				D8D0866F25FB42880001FD7B /* SceneDelegate.swift */,
				D8D0867125FB42880001FD7B /* ContentView.swift */,
				D8D0867325FB42880001FD7B /* Assets.xcassets */,
				D8D0867825FB42880001FD7B /* LaunchScreen.storyboard */,
				D8D0867B25FB42880001FD7B /* Info.plist */,
				D8D0867525FB42880001FD7B /* Preview Content */,
			);
			path = Total;
			sourceTree = "<group>";
		};
		D8D0867525FB42880001FD7B /* Preview Content */ = {
			isa = PBXGroup;
			children = (
				D8D0867625FB42880001FD7B /* Preview Assets.xcassets */,
			);
			path = "Preview Content";
			sourceTree = "<group>";
		};
		D8D0868325FB42880001FD7B /* TotalTests */ = {
			isa = PBXGroup;
			children = (
				D8D0868425FB42880001FD7B /* TotalTests.swift */,
				D8D0868625FB42880001FD7B /* Info.plist */,
			);
			path = TotalTests;
			sourceTree = "<group>";
		};
		D8D0868E25FB42880001FD7B /* TotalUITests */ = {
			isa = PBXGroup;
			children = (
				D8D0868F25FB42880001FD7B /* TotalUITests.swift */,
				D8D0869125FB42880001FD7B /* Info.plist */,
			);
			path = TotalUITests;
			sourceTree = "<group>";
		};
/* End PBXGroup section */

/* Begin PBXNativeTarget section */
		D8D0866925FB42880001FD7B /* Total */ = {
			isa = PBXNativeTarget;
			buildConfigurationList = D8D0869425FB42880001FD7B /* Build configuration list for PBXNativeTarget "Total" */;
			buildPhases = (
				D8D0866625FB42880001FD7B /* Sources */,
				D8D0866725FB42880001FD7B /* Frameworks */,
				D8D0866825FB42880001FD7B /* Resources */,
			);
			buildRules = (
			);
			dependencies = (
			);
			name = Total;
			productName = Total;
			productReference = D8D0866A25FB42880001FD7B /* Total.app */;
			productType = "com.apple.product-type.application";
		};
		D8D0867F25FB42880001FD7B /* TotalTests */ = {
			isa = PBXNativeTarget;
			buildConfigurationList = D8D0869725FB42880001FD7B /* Build configuration list for PBXNativeTarget "TotalTests" */;
			buildPhases = (
				D8D0867C25FB42880001FD7B /* Sources */,
				D8D0867D25FB42880001FD7B /* Frameworks */,
				D8D0867E25FB42880001FD7B /* Resources */,
			);
			buildRules = (
			);
			dependencies = (
				D8D0868225FB42880001FD7B /* PBXTargetDependency */,
			);
			name = TotalTests;
			productName = TotalTests;
			productReference = D8D0868025FB42880001FD7B /* TotalTests.xctest */;
			productType = "com.apple.product-type.bundle.unit-test";
		};
		D8D0868A25FB42880001FD7B /* TotalUITests */ = {
			isa = PBXNativeTarget;
			buildConfigurationList = D8D0869A25FB42880001FD7B /* Build configuration list for PBXNativeTarget "TotalUITests" */;
			buildPhases = (
				D8D0868725FB42880001FD7B /* Sources */,
				D8D0868825FB42880001FD7B /* Frameworks */,
				D8D0868925FB42880001FD7B /* Resources */,
			);
			buildRules = (
			);
			dependencies = (
				D8D0868D25FB42880001FD7B /* PBXTargetDependency */,
			);
			name = TotalUITests;
			productName = TotalUITests;
			productReference = D8D0868B25FB42880001FD7B /* TotalUITests.xctest */;
			productType = "com.apple.product-type.bundle.ui-testing";
		};
/* End PBXNativeTarget section */

/* Begin PBXProject section */
		D8D0866225FB42880001FD7B /* Project object */ = {
			isa = PBXProject;
			attributes = {
				LastSwiftUpdateCheck = 1240;
				LastUpgradeCheck = 1240;
				TargetAttributes = {
					D8D0866925FB42880001FD7B = {
						CreatedOnToolsVersion = 12.4;
					};
					D8D0867F25FB42880001FD7B = {
						CreatedOnToolsVersion = 12.4;
						TestTargetID = D8D0866925FB42880001FD7B;
					};
					D8D0868A25FB42880001FD7B = {
						CreatedOnToolsVersion = 12.4;
						TestTargetID = D8D0866925FB42880001FD7B;
					};
				};
			};
			buildConfigurationList = D8D0866525FB42880001FD7B /* Build configuration list for PBXProject "Total" */;
			compatibilityVersion = "Xcode 9.3";
			developmentRegion = en;
			hasScannedForEncodings = 0;
			knownRegions = (
				en,
				Base,
			);
			mainGroup = D8D0866125FB42880001FD7B;
			productRefGroup = D8D0866B25FB42880001FD7B /* Products */;
			projectDirPath = "";
			projectRoot = "";
			targets = (
				D8D0866925FB42880001FD7B /* Total */,
				D8D0867F25FB42880001FD7B /* TotalTests */,
				D8D0868A25FB42880001FD7B /* TotalUITests */,
			);
		};
/* End PBXProject section */

/* Begin PBXResourcesBuildPhase section */
		D8D0866825FB42880001FD7B /* Resources */ = {
			isa = PBXResourcesBuildPhase;
			buildActionMask = 2147483647;
			files = (
				D8D0867A25FB42880001FD7B /* LaunchScreen.storyboard in Resources */,
				D8D0867725FB42880001FD7B /* Preview Assets.xcassets in Resources */,
				D8D0867425FB42880001FD7B /* Assets.xcassets in Resources */,
			);
			runOnlyForDeploymentPostprocessing = 0;
		};
		D8D0867E25FB42880001FD7B /* Resources */ = {
			isa = PBXResourcesBuildPhase;
			buildActionMask = 2147483647;
			files = (
			);
			runOnlyForDeploymentPostprocessing = 0;
		};
		D8D0868925FB42880001FD7B /* Resources */ = {
			isa = PBXResourcesBuildPhase;
			buildActionMask = 2147483647;
			files = (
			);
			runOnlyForDeploymentPostprocessing = 0;
		};
/* End PBXResourcesBuildPhase section */

/* Begin PBXSourcesBuildPhase section */
		D8D0866625FB42880001FD7B /* Sources */ = {
			isa = PBXSourcesBuildPhase;
			buildActionMask = 2147483647;
			files = (
				D8D0866E25FB42880001FD7B /* AppDelegate.swift in Sources */,
				D8D0867025FB42880001FD7B /* SceneDelegate.swift in Sources */,
				D8D0867225FB42880001FD7B /* ContentView.swift in Sources */,
			);
			runOnlyForDeploymentPostprocessing = 0;
		};
		D8D0867C25FB42880001FD7B /* Sources */ = {
			isa = PBXSourcesBuildPhase;
			buildActionMask = 2147483647;
			files = (
				D8D0868525FB42880001FD7B /* TotalTests.swift in Sources */,
			);
			runOnlyForDeploymentPostprocessing = 0;
		};
		D8D0868725FB42880001FD7B /* Sources */ = {
			isa = PBXSourcesBuildPhase;
			buildActionMask = 2147483647;
			files = (
				D8D0869025FB42880001FD7B /* TotalUITests.swift in Sources */,
			);
			runOnlyForDeploymentPostprocessing = 0;
		};
/* End PBXSourcesBuildPhase section */

/* Begin PBXTargetDependency section */
		D8D0868225FB42880001FD7B /* PBXTargetDependency */ = {
			isa = PBXTargetDependency;
			target = D8D0866925FB42880001FD7B /* Total */;
			targetProxy = D8D0868125FB42880001FD7B /* PBXContainerItemProxy */;
		};
		D8D0868D25FB42880001FD7B /* PBXTargetDependency */ = {
			isa = PBXTargetDependency;
			target = D8D0866925FB42880001FD7B /* Total */;
			targetProxy = D8D0868C25FB42880001FD7B /* PBXContainerItemProxy */;
		};
/* End PBXTargetDependency section */

/* Begin PBXVariantGroup section */
		D8D0867825FB42880001FD7B /* LaunchScreen.storyboard */ = {
			isa = PBXVariantGroup;
			children = (
				D8D0867925FB42880001FD7B /* Base */,
			);
			name = LaunchScreen.storyboard;
			sourceTree = "<group>";
		};
/* End PBXVariantGroup section */

/* Begin XCBuildConfiguration section */
		D8D0869225FB42880001FD7B /* Debug */ = {
			isa = XCBuildConfiguration;
			buildSettings = {
				ALWAYS_SEARCH_USER_PATHS = NO;
				CLANG_ANALYZER_NONNULL = YES;
				CLANG_ANALYZER_NUMBER_OBJECT_CONVERSION = YES_AGGRESSIVE;
				CLANG_CXX_LANGUAGE_STANDARD = "gnu++14";
				CLANG_CXX_LIBRARY = "libc++";
				CLANG_ENABLE_MODULES = YES;
				CLANG_ENABLE_OBJC_ARC = YES;
				CLANG_ENABLE_OBJC_WEAK = YES;
				CLANG_WARN_BLOCK_CAPTURE_AUTORELEASING = YES;
				CLANG_WARN_BOOL_CONVERSION = YES;
				CLANG_WARN_COMMA = YES;
				CLANG_WARN_CONSTANT_CONVERSION = YES;
				CLANG_WARN_DEPRECATED_OBJC_IMPLEMENTATIONS = YES;
				CLANG_WARN_DIRECT_OBJC_ISA_USAGE = YES_ERROR;
				CLANG_WARN_DOCUMENTATION_COMMENTS = YES;
				CLANG_WARN_EMPTY_BODY = YES;
				CLANG_WARN_ENUM_CONVERSION = YES;
				CLANG_WARN_INFINITE_RECURSION = YES;
				CLANG_WARN_INT_CONVERSION = YES;
				CLANG_WARN_NON_LITERAL_NULL_CONVERSION = YES;
				CLANG_WARN_OBJC_IMPLICIT_RETAIN_SELF = YES;
				CLANG_WARN_OBJC_LITERAL_CONVERSION = YES;
				CLANG_WARN_OBJC_ROOT_CLASS = YES_ERROR;
				CLANG_WARN_QUOTED_INCLUDE_IN_FRAMEWORK_HEADER = YES;
				CLANG_WARN_RANGE_LOOP_ANALYSIS = YES;
				CLANG_WARN_STRICT_PROTOTYPES = YES;
				CLANG_WARN_SUSPICIOUS_MOVE = YES;
				CLANG_WARN_UNGUARDED_AVAILABILITY = YES_AGGRESSIVE;
				CLANG_WARN_UNREACHABLE_CODE = YES;
				CLANG_WARN__DUPLICATE_METHOD_MATCH = YES;
				COPY_PHASE_STRIP = NO;
				DEBUG_INFORMATION_FORMAT = dwarf;
				ENABLE_STRICT_OBJC_MSGSEND = YES;
				ENABLE_TESTABILITY = YES;
				GCC_C_LANGUAGE_STANDARD = gnu11;
				GCC_DYNAMIC_NO_PIC = NO;
				GCC_NO_COMMON_BLOCKS = YES;
				GCC_OPTIMIZATION_LEVEL = 0;
				GCC_PREPROCESSOR_DEFINITIONS = (
					"DEBUG=1",
					"$(inherited)",
				);
				GCC_WARN_64_TO_32_BIT_CONVERSION = YES;
				GCC_WARN_ABOUT_RETURN_TYPE = YES_ERROR;
				GCC_WARN_UNDECLARED_SELECTOR = YES;
				GCC_WARN_UNINITIALIZED_AUTOS = YES_AGGRESSIVE;
				GCC_WARN_UNUSED_FUNCTION = YES;
				GCC_WARN_UNUSED_VARIABLE = YES;
				IPHONEOS_DEPLOYMENT_TARGET = 14.4;
				MTL_ENABLE_DEBUG_INFO = INCLUDE_SOURCE;
				MTL_FAST_MATH = YES;
				ONLY_ACTIVE_ARCH = YES;
				SDKROOT = iphoneos;
				SWIFT_ACTIVE_COMPILATION_CONDITIONS = DEBUG;
				SWIFT_OPTIMIZATION_LEVEL = "-Onone";
			};
			name = Debug;
		};
		D8D0869325FB42880001FD7B /* Release */ = {
			isa = XCBuildConfiguration;
			buildSettings = {
				ALWAYS_SEARCH_USER_PATHS = NO;
				CLANG_ANALYZER_NONNULL = YES;
				CLANG_ANALYZER_NUMBER_OBJECT_CONVERSION = YES_AGGRESSIVE;
				CLANG_CXX_LANGUAGE_STANDARD = "gnu++14";
				CLANG_CXX_LIBRARY = "libc++";
				CLANG_ENABLE_MODULES = YES;
				CLANG_ENABLE_OBJC_ARC = YES;
				CLANG_ENABLE_OBJC_WEAK = YES;
				CLANG_WARN_BLOCK_CAPTURE_AUTORELEASING = YES;
				CLANG_WARN_BOOL_CONVERSION = YES;
				CLANG_WARN_COMMA = YES;
				CLANG_WARN_CONSTANT_CONVERSION = YES;
				CLANG_WARN_DEPRECATED_OBJC_IMPLEMENTATIONS = YES;
				CLANG_WARN_DIRECT_OBJC_ISA_USAGE = YES_ERROR;
				CLANG_WARN_DOCUMENTATION_COMMENTS = YES;
				CLANG_WARN_EMPTY_BODY = YES;
				CLANG_WARN_ENUM_CONVERSION = YES;
				CLANG_WARN_INFINITE_RECURSION = YES;
				CLANG_WARN_INT_CONVERSION = YES;
				CLANG_WARN_NON_LITERAL_NULL_CONVERSION = YES;
				CLANG_WARN_OBJC_IMPLICIT_RETAIN_SELF = YES;
				CLANG_WARN_OBJC_LITERAL_CONVERSION = YES;
				CLANG_WARN_OBJC_ROOT_CLASS = YES_ERROR;
				CLANG_WARN_QUOTED_INCLUDE_IN_FRAMEWORK_HEADER = YES;
				CLANG_WARN_RANGE_LOOP_ANALYSIS = YES;
				CLANG_WARN_STRICT_PROTOTYPES = YES;
				CLANG_WARN_SUSPICIOUS_MOVE = YES;
				CLANG_WARN_UNGUARDED_AVAILABILITY = YES_AGGRESSIVE;
				CLANG_WARN_UNREACHABLE_CODE = YES;
				CLANG_WARN__DUPLICATE_METHOD_MATCH = YES;
				COPY_PHASE_STRIP = NO;
				DEBUG_INFORMATION_FORMAT = "dwarf-with-dsym";
				ENABLE_NS_ASSERTIONS = NO;
				ENABLE_STRICT_OBJC_MSGSEND = YES;
				GCC_C_LANGUAGE_STANDARD = gnu11;
				GCC_NO_COMMON_BLOCKS = YES;
				GCC_WARN_64_TO_32_BIT_CONVERSION = YES;
				GCC_WARN_ABOUT_RETURN_TYPE = YES_ERROR;
				GCC_WARN_UNDECLARED_SELECTOR = YES;
				GCC_WARN_UNINITIALIZED_AUTOS = YES_AGGRESSIVE;
				GCC_WARN_UNUSED_FUNCTION = YES;
				GCC_WARN_UNUSED_VARIABLE = YES;
				IPHONEOS_DEPLOYMENT_TARGET = 14.4;
				MTL_ENABLE_DEBUG_INFO = NO;
				MTL_FAST_MATH = YES;
				SDKROOT = iphoneos;
				SWIFT_COMPILATION_MODE = wholemodule;
				SWIFT_OPTIMIZATION_LEVEL = "-O";
				VALIDATE_PRODUCT = YES;
			};
			name = Release;
		};
		D8D0869525FB42880001FD7B /* Debug */ = {
			isa = XCBuildConfiguration;
			buildSettings = {
				ASSETCATALOG_COMPILER_APPICON_NAME = AppIcon;
				ASSETCATALOG_COMPILER_GLOBAL_ACCENT_COLOR_NAME = AccentColor;
				CODE_SIGN_STYLE = Automatic;
				DEVELOPMENT_ASSET_PATHS = "\"Total/Preview Content\"";
				ENABLE_PREVIEWS = YES;
				INFOPLIST_FILE = Total/Info.plist;
				LD_RUNPATH_SEARCH_PATHS = (
					"$(inherited)",
					"@executable_path/Frameworks",
				);
				PRODUCT_BUNDLE_IDENTIFIER = namnguyen.Total;
				PRODUCT_NAME = "$(TARGET_NAME)";
				SWIFT_VERSION = 5.0;
				TARGETED_DEVICE_FAMILY = "1,2";
			};
			name = Debug;
		};
		D8D0869625FB42880001FD7B /* Release */ = {
			isa = XCBuildConfiguration;
			buildSettings = {
				ASSETCATALOG_COMPILER_APPICON_NAME = AppIcon;
				ASSETCATALOG_COMPILER_GLOBAL_ACCENT_COLOR_NAME = AccentColor;
				CODE_SIGN_STYLE = Automatic;
				DEVELOPMENT_ASSET_PATHS = "\"Total/Preview Content\"";
				ENABLE_PREVIEWS = YES;
				INFOPLIST_FILE = Total/Info.plist;
				LD_RUNPATH_SEARCH_PATHS = (
					"$(inherited)",
					"@executable_path/Frameworks",
				);
				PRODUCT_BUNDLE_IDENTIFIER = namnguyen.Total;
				PRODUCT_NAME = "$(TARGET_NAME)";
				SWIFT_VERSION = 5.0;
				TARGETED_DEVICE_FAMILY = "1,2";
			};
			name = Release;
		};
		D8D0869825FB42880001FD7B /* Debug */ = {
			isa = XCBuildConfiguration;
			buildSettings = {
				ALWAYS_EMBED_SWIFT_STANDARD_LIBRARIES = YES;
				BUNDLE_LOADER = "$(TEST_HOST)";
				CODE_SIGN_STYLE = Automatic;
				INFOPLIST_FILE = TotalTests/Info.plist;
				IPHONEOS_DEPLOYMENT_TARGET = 14.4;
				LD_RUNPATH_SEARCH_PATHS = (
					"$(inherited)",
					"@executable_path/Frameworks",
					"@loader_path/Frameworks",
				);
				PRODUCT_BUNDLE_IDENTIFIER = namnguyen.TotalTests;
				PRODUCT_NAME = "$(TARGET_NAME)";
				SWIFT_VERSION = 5.0;
				TARGETED_DEVICE_FAMILY = "1,2";
				TEST_HOST = "$(BUILT_PRODUCTS_DIR)/Total.app/Total";
			};
			name = Debug;
		};
		D8D0869925FB42880001FD7B /* Release */ = {
			isa = XCBuildConfiguration;
			buildSettings = {
				ALWAYS_EMBED_SWIFT_STANDARD_LIBRARIES = YES;
				BUNDLE_LOADER = "$(TEST_HOST)";
				CODE_SIGN_STYLE = Automatic;
				INFOPLIST_FILE = TotalTests/Info.plist;
				IPHONEOS_DEPLOYMENT_TARGET = 14.4;
				LD_RUNPATH_SEARCH_PATHS = (
					"$(inherited)",
					"@executable_path/Frameworks",
					"@loader_path/Frameworks",
				);
				PRODUCT_BUNDLE_IDENTIFIER = namnguyen.TotalTests;
				PRODUCT_NAME = "$(TARGET_NAME)";
				SWIFT_VERSION = 5.0;
				TARGETED_DEVICE_FAMILY = "1,2";
				TEST_HOST = "$(BUILT_PRODUCTS_DIR)/Total.app/Total";
			};
			name = Release;
		};
		D8D0869B25FB42880001FD7B /* Debug */ = {
			isa = XCBuildConfiguration;
			buildSettings = {
				ALWAYS_EMBED_SWIFT_STANDARD_LIBRARIES = YES;
				CODE_SIGN_STYLE = Automatic;
				INFOPLIST_FILE = TotalUITests/Info.plist;
				LD_RUNPATH_SEARCH_PATHS = (
					"$(inherited)",
					"@executable_path/Frameworks",
					"@loader_path/Frameworks",
				);
				PRODUCT_BUNDLE_IDENTIFIER = namnguyen.TotalUITests;
				PRODUCT_NAME = "$(TARGET_NAME)";
				SWIFT_VERSION = 5.0;
				TARGETED_DEVICE_FAMILY = "1,2";
				TEST_TARGET_NAME = Total;
			};
			name = Debug;
		};
		D8D0869C25FB42880001FD7B /* Release */ = {
			isa = XCBuildConfiguration;
			buildSettings = {
				ALWAYS_EMBED_SWIFT_STANDARD_LIBRARIES = YES;
				CODE_SIGN_STYLE = Automatic;
				INFOPLIST_FILE = TotalUITests/Info.plist;
				LD_RUNPATH_SEARCH_PATHS = (
					"$(inherited)",
					"@executable_path/Frameworks",
					"@loader_path/Frameworks",
				);
				PRODUCT_BUNDLE_IDENTIFIER = namnguyen.TotalUITests;
				PRODUCT_NAME = "$(TARGET_NAME)";
				SWIFT_VERSION = 5.0;
				TARGETED_DEVICE_FAMILY = "1,2";
				TEST_TARGET_NAME = Total;
			};
			name = Release;
		};
/* End XCBuildConfiguration section */

/* Begin XCConfigurationList section */
		D8D0866525FB42880001FD7B /* Build configuration list for PBXProject "Total" */ = {
			isa = XCConfigurationList;
			buildConfigurations = (
				D8D0869225FB42880001FD7B /* Debug */,
				D8D0869325FB42880001FD7B /* Release */,
			);
			defaultConfigurationIsVisible = 0;
			defaultConfigurationName = Release;
		};
		D8D0869425FB42880001FD7B /* Build configuration list for PBXNativeTarget "Total" */ = {
			isa = XCConfigurationList;
			buildConfigurations = (
				D8D0869525FB42880001FD7B /* Debug */,
				D8D0869625FB42880001FD7B /* Release */,
			);
			defaultConfigurationIsVisible = 0;
			defaultConfigurationName = Release;
		};
		D8D0869725FB42880001FD7B /* Build configuration list for PBXNativeTarget "TotalTests" */ = {
			isa = XCConfigurationList;
			buildConfigurations = (
				D8D0869825FB42880001FD7B /* Debug */,
				D8D0869925FB42880001FD7B /* Release */,
			);
			defaultConfigurationIsVisible = 0;
			defaultConfigurationName = Release;
		};
		D8D0869A25FB42880001FD7B /* Build configuration list for PBXNativeTarget "TotalUITests" */ = {
			isa = XCConfigurationList;
			buildConfigurations = (
				D8D0869B25FB42880001FD7B /* Debug */,
				D8D0869C25FB42880001FD7B /* Release */,
			);
			defaultConfigurationIsVisible = 0;
			defaultConfigurationName = Release;
		};
/* End XCConfigurationList section */
	};
	rootObject = D8D0866225FB42880001FD7B /* Project object */;
}
